
Microsoft Visual Studio Solution File, Format Version 12.00
# Visual Studio Version 16
VisualStudioVersion = 16.0.29905.134
MinimumVisualStudioVersion = 10.0.40219.1
Project("{FAE04EC0-301F-11D3-BF4B-00C04F79EFBC}") = "CoronaCup.Repository", "CoronaCup.Repository\CoronaCup.Repository.csproj", "{EB2F0394-400C-4261-8D92-418401F22FEF}"
EndProject
Project("{FAE04EC0-301F-11D3-BF4B-00C04F79EFBC}") = "CoranaCup.Domain", "CoranaCup.Domain\CoranaCup.Domain.csproj", "{6A4A5F70-5E50-4F87-8C26-D52C092B33B8}"
EndProject
Global
	GlobalSection(SolutionConfigurationPlatforms) = preSolution
		Debug|Any CPU = Debug|Any CPU
		Release|Any CPU = Release|Any CPU
	EndGlobalSection
	GlobalSection(ProjectConfigurationPlatforms) = postSolution
		{EB2F0394-400C-4261-8D92-418401F22FEF}.Debug|Any CPU.ActiveCfg = Debug|Any CPU
		{EB2F0394-400C-4261-8D92-418401F22FEF}.Debug|Any CPU.Build.0 = Debug|Any CPU
		{EB2F0394-400C-4261-8D92-418401F22FEF}.Release|Any CPU.ActiveCfg = Release|Any CPU
		{EB2F0394-400C-4261-8D92-418401F22FEF}.Release|Any CPU.Build.0 = Release|Any CPU
		{6A4A5F70-5E50-4F87-8C26-D52C092B33B8}.Debug|Any CPU.ActiveCfg = Debug|Any CPU
		{6A4A5F70-5E50-4F87-8C26-D52C092B33B8}.Debug|Any CPU.Build.0 = Debug|Any CPU
		{6A4A5F70-5E50-4F87-8C26-D52C092B33B8}.Release|Any CPU.ActiveCfg = Release|Any CPU
		{6A4A5F70-5E50-4F87-8C26-D52C092B33B8}.Release|Any CPU.Build.0 = Release|Any CPU
	EndGlobalSection
	GlobalSection(SolutionProperties) = preSolution
		HideSolutionNode = FALSE
	EndGlobalSection
	GlobalSection(ExtensibilityGlobals) = postSolution
		SolutionGuid = {E58DB70E-B632-4FBD-B50F-41B88F833450}
	EndGlobalSection
EndGlobal
